
Microsoft Visual Studio Solution File, Format Version 12.00
# Visual Studio Version 16
VisualStudioVersion = 16.0.30002.166
MinimumVisualStudioVersion = 10.0.40219.1
Project("{FAE04EC0-301F-11D3-BF4B-00C04F79EFBC}") = "TobiiEyeCS", "TobiiEyeCS\TobiiEyeCS.csproj", "{9AB8E5F6-8482-4156-BE23-239A0C657393}"
EndProject
Global
	GlobalSection(SolutionConfigurationPlatforms) = preSolution
		Debug|Any CPU = Debug|Any CPU
		Release|Any CPU = Release|Any CPU
	EndGlobalSection
	GlobalSection(ProjectConfigurationPlatforms) = postSolution
		{9AB8E5F6-8482-4156-BE23-239A0C657393}.Debug|Any CPU.ActiveCfg = Debug|Any CPU
		{9AB8E5F6-8482-4156-BE23-239A0C657393}.Debug|Any CPU.Build.0 = Debug|Any CPU
		{9AB8E5F6-8482-4156-BE23-239A0C657393}.Release|Any CPU.ActiveCfg = Release|Any CPU
		{9AB8E5F6-8482-4156-BE23-239A0C657393}.Release|Any CPU.Build.0 = Release|Any CPU
	EndGlobalSection
	GlobalSection(SolutionProperties) = preSolution
		HideSolutionNode = FALSE
	EndGlobalSection
	GlobalSection(ExtensibilityGlobals) = postSolution
		SolutionGuid = {B8676529-6C39-4580-8421-A71CDBBB75EE}
	EndGlobalSection
EndGlobal
